
Microsoft Visual Studio Solution File, Format Version 12.00
# Visual Studio Version 17
VisualStudioVersion = 17.8.34601.278
MinimumVisualStudioVersion = 10.0.40219.1
Project("{FAE04EC0-301F-11D3-BF4B-00C04F79EFBC}") = "SV_WEBFISHING_GuitarMIDI", "SV_WEBFISHING_GuitarMIDI.csproj", "{48532922-B26A-4D40-AFC0-A190B55FC208}"
EndProject
Global
	GlobalSection(SolutionConfigurationPlatforms) = preSolution
		Debug|Any CPU = Debug|Any CPU
		Release|Any CPU = Release|Any CPU
	EndGlobalSection
	GlobalSection(ProjectConfigurationPlatforms) = postSolution
		{48532922-B26A-4D40-AFC0-A190B55FC208}.Debug|Any CPU.ActiveCfg = Debug|Any CPU
		{48532922-B26A-4D40-AFC0-A190B55FC208}.Debug|Any CPU.Build.0 = Debug|Any CPU
		{48532922-B26A-4D40-AFC0-A190B55FC208}.Release|Any CPU.ActiveCfg = Release|Any CPU
		{48532922-B26A-4D40-AFC0-A190B55FC208}.Release|Any CPU.Build.0 = Release|Any CPU
	EndGlobalSection
	GlobalSection(SolutionProperties) = preSolution
		HideSolutionNode = FALSE
	EndGlobalSection
	GlobalSection(ExtensibilityGlobals) = postSolution
		SolutionGuid = {A9957E6E-7A6A-4586-8B04-C797C32E5F39}
	EndGlobalSection
EndGlobal
